
Microsoft Visual Studio Solution File, Format Version 12.00
# Visual Studio Version 16
VisualStudioVersion = 16.0.30907.101
MinimumVisualStudioVersion = 10.0.40219.1
Project("{9A19103F-16F7-4668-BE54-9A1E7A4F7556}") = "DataAccessLayer", "DataAccessLayer\DataAccessLayer.csproj", "{3D58E5BB-A8F0-4E4B-877B-414DDE3491A1}"
EndProject
Project("{9A19103F-16F7-4668-BE54-9A1E7A4F7556}") = "Business", "Business\Business.csproj", "{00494AD4-2FAE-4D1B-9878-53C315317A04}"
EndProject
Project("{9A19103F-16F7-4668-BE54-9A1E7A4F7556}") = "Entities", "Entities\Entities.csproj", "{D180FCD4-AA6F-40CA-823E-45CA97F9137F}"
EndProject
Project("{9A19103F-16F7-4668-BE54-9A1E7A4F7556}") = "ConsoleUI", "ConsoleUI\ConsoleUI.csproj", "{9EB9E6B7-7773-44B3-AA27-68EED0CD3968}"
EndProject
Project("{9A19103F-16F7-4668-BE54-9A1E7A4F7556}") = "Core", "Core\Core.csproj", "{26D2DE28-B2AC-4D96-B25A-557D4341AA48}"
EndProject
Project("{FAE04EC0-301F-11D3-BF4B-00C04F79EFBC}") = "WebApi", "WebApi\WebApi.csproj", "{555821D2-F089-46F5-9DB8-C6C84DD1306E}"
EndProject
Global
	GlobalSection(SolutionConfigurationPlatforms) = preSolution
		Debug|Any CPU = Debug|Any CPU
		Release|Any CPU = Release|Any CPU
	EndGlobalSection
	GlobalSection(ProjectConfigurationPlatforms) = postSolution
		{3D58E5BB-A8F0-4E4B-877B-414DDE3491A1}.Debug|Any CPU.ActiveCfg = Debug|Any CPU
		{3D58E5BB-A8F0-4E4B-877B-414DDE3491A1}.Debug|Any CPU.Build.0 = Debug|Any CPU
		{3D58E5BB-A8F0-4E4B-877B-414DDE3491A1}.Release|Any CPU.ActiveCfg = Release|Any CPU
		{3D58E5BB-A8F0-4E4B-877B-414DDE3491A1}.Release|Any CPU.Build.0 = Release|Any CPU
		{00494AD4-2FAE-4D1B-9878-53C315317A04}.Debug|Any CPU.ActiveCfg = Debug|Any CPU
		{00494AD4-2FAE-4D1B-9878-53C315317A04}.Debug|Any CPU.Build.0 = Debug|Any CPU
		{00494AD4-2FAE-4D1B-9878-53C315317A04}.Release|Any CPU.ActiveCfg = Release|Any CPU
		{00494AD4-2FAE-4D1B-9878-53C315317A04}.Release|Any CPU.Build.0 = Release|Any CPU
		{D180FCD4-AA6F-40CA-823E-45CA97F9137F}.Debug|Any CPU.ActiveCfg = Debug|Any CPU
		{D180FCD4-AA6F-40CA-823E-45CA97F9137F}.Debug|Any CPU.Build.0 = Debug|Any CPU
		{D180FCD4-AA6F-40CA-823E-45CA97F9137F}.Release|Any CPU.ActiveCfg = Release|Any CPU
		{D180FCD4-AA6F-40CA-823E-45CA97F9137F}.Release|Any CPU.Build.0 = Release|Any CPU
		{9EB9E6B7-7773-44B3-AA27-68EED0CD3968}.Debug|Any CPU.ActiveCfg = Debug|Any CPU
		{9EB9E6B7-7773-44B3-AA27-68EED0CD3968}.Debug|Any CPU.Build.0 = Debug|Any CPU
		{9EB9E6B7-7773-44B3-AA27-68EED0CD3968}.Release|Any CPU.ActiveCfg = Release|Any CPU
		{9EB9E6B7-7773-44B3-AA27-68EED0CD3968}.Release|Any CPU.Build.0 = Release|Any CPU
		{26D2DE28-B2AC-4D96-B25A-557D4341AA48}.Debug|Any CPU.ActiveCfg = Debug|Any CPU
		{26D2DE28-B2AC-4D96-B25A-557D4341AA48}.Debug|Any CPU.Build.0 = Debug|Any CPU
		{26D2DE28-B2AC-4D96-B25A-557D4341AA48}.Release|Any CPU.ActiveCfg = Release|Any CPU
		{26D2DE28-B2AC-4D96-B25A-557D4341AA48}.Release|Any CPU.Build.0 = Release|Any CPU
		{555821D2-F089-46F5-9DB8-C6C84DD1306E}.Debug|Any CPU.ActiveCfg = Debug|Any CPU
		{555821D2-F089-46F5-9DB8-C6C84DD1306E}.Debug|Any CPU.Build.0 = Debug|Any CPU
		{555821D2-F089-46F5-9DB8-C6C84DD1306E}.Release|Any CPU.ActiveCfg = Release|Any CPU
		{555821D2-F089-46F5-9DB8-C6C84DD1306E}.Release|Any CPU.Build.0 = Release|Any CPU
	EndGlobalSection
	GlobalSection(SolutionProperties) = preSolution
		HideSolutionNode = FALSE
	EndGlobalSection
	GlobalSection(ExtensibilityGlobals) = postSolution
		SolutionGuid = {C105E232-EDFF-4EBD-BDDE-ED09A70C61B1}
	EndGlobalSection
EndGlobal
